
Microsoft Visual Studio Solution File, Format Version 12.00
# Visual Studio Version 17
VisualStudioVersion = 17.0.31903.59
MinimumVisualStudioVersion = 10.0.40219.1
Project("{2150E333-8FDC-42A3-9474-1A3956D46DE8}") = "Solution Items", "Solution Items", "{0B70C6B4-8A22-4F30-B42C-C92B8D125FD6}"
	ProjectSection(SolutionItems) = preProject
		.editorconfig = .editorconfig
		Directory.Build.props = Directory.Build.props
		Directory.Packages.props = Directory.Packages.props
	EndProjectSection
EndProject
Project("{9A19103F-16F7-4668-BE54-9A1E7A4F7556}") = "SharpMeasures.Generators.Attributes", "src\SharpMeasures.Generators.Attributes\SharpMeasures.Generators.Attributes.csproj", "{19A7CAFA-E184-4364-B10F-4E052943F642}"
EndProject
Project("{9A19103F-16F7-4668-BE54-9A1E7A4F7556}") = "SharpMeasures.Generators.Attributes.Representation.Syntactic", "src\SharpMeasures.Generators.Attributes.Representation.Syntactic\SharpMeasures.Generators.Attributes.Representation.Syntactic.csproj", "{E98075B3-359C-4305-B6CC-4076754FB271}"
EndProject
Project("{9A19103F-16F7-4668-BE54-9A1E7A4F7556}") = "SharpMeasures.Generators.Attributes.Representation.Semantic", "src\SharpMeasures.Generators.Attributes.Representation.Semantic\SharpMeasures.Generators.Attributes.Representation.Semantic.csproj", "{91274CBC-C2DE-460B-8B10-388BE2D61389}"
EndProject
Project("{9A19103F-16F7-4668-BE54-9A1E7A4F7556}") = "SharpMeasures.Generators.Attributes.Representation.Combined", "src\SharpMeasures.Generators.Attributes.Representation.Combined\SharpMeasures.Generators.Attributes.Representation.Combined.csproj", "{80AEE442-655A-4ACB-A8EB-8CB60A9BC3D3}"
EndProject
Project("{9A19103F-16F7-4668-BE54-9A1E7A4F7556}") = "SharpMeasures.Generators.Attributes.Parsing.UnitTests", "tests\unit\SharpMeasures.Generators.Attributes.Parsing.UnitTests\SharpMeasures.Generators.Attributes.Parsing.UnitTests.csproj", "{9F292188-B788-4ADF-B2B6-7B6C32D1129A}"
EndProject
Project("{9A19103F-16F7-4668-BE54-9A1E7A4F7556}") = "SharpMeasures.Generators.Attributes.Parsing.Semantic.Abstractions", "src\SharpMeasures.Generators.Attributes.Parsing.Semantic.Abstractions\SharpMeasures.Generators.Attributes.Parsing.Semantic.Abstractions.csproj", "{5A0B7A04-6C2F-4414-B476-E9179ED36131}"
EndProject
Project("{9A19103F-16F7-4668-BE54-9A1E7A4F7556}") = "SharpMeasures.Generators.Attributes.Parsing.Combined.Abstractions", "src\SharpMeasures.Generators.Attributes.Parsing.Combined.Abstractions\SharpMeasures.Generators.Attributes.Parsing.Combined.Abstractions.csproj", "{CB570513-4FD7-46C7-A967-586DB3368221}"
EndProject
Project("{9A19103F-16F7-4668-BE54-9A1E7A4F7556}") = "SharpMeasures.Generators.Tests.Common", "tests\SharpMeasures.Generators.Tests.Common\SharpMeasures.Generators.Tests.Common.csproj", "{A2F26D19-9215-422D-A26F-B7D2339194AE}"
EndProject
Project("{9A19103F-16F7-4668-BE54-9A1E7A4F7556}") = "SharpMeasures.Generators.Attributes.Parsing.DependencyInjection", "src\SharpMeasures.Generators.Attributes.Parsing.DependencyInjection\SharpMeasures.Generators.Attributes.Parsing.DependencyInjection.csproj", "{79B01940-AC2D-40A6-BEAE-9B67DFB665D7}"
EndProject
Project("{9A19103F-16F7-4668-BE54-9A1E7A4F7556}") = "SharpMeasures.Generators.Attributes.Parsing", "src\SharpMeasures.Generators.Attributes.Parsing\SharpMeasures.Generators.Attributes.Parsing.csproj", "{805064D0-E573-4628-8473-3076682B7B45}"
EndProject
Global
	GlobalSection(SolutionConfigurationPlatforms) = preSolution
		Debug|Any CPU = Debug|Any CPU
		Release|Any CPU = Release|Any CPU
	EndGlobalSection
	GlobalSection(ProjectConfigurationPlatforms) = postSolution
		{19A7CAFA-E184-4364-B10F-4E052943F642}.Debug|Any CPU.ActiveCfg = Debug|Any CPU
		{19A7CAFA-E184-4364-B10F-4E052943F642}.Debug|Any CPU.Build.0 = Debug|Any CPU
		{19A7CAFA-E184-4364-B10F-4E052943F642}.Release|Any CPU.ActiveCfg = Release|Any CPU
		{19A7CAFA-E184-4364-B10F-4E052943F642}.Release|Any CPU.Build.0 = Release|Any CPU
		{E98075B3-359C-4305-B6CC-4076754FB271}.Debug|Any CPU.ActiveCfg = Debug|Any CPU
		{E98075B3-359C-4305-B6CC-4076754FB271}.Debug|Any CPU.Build.0 = Debug|Any CPU
		{E98075B3-359C-4305-B6CC-4076754FB271}.Release|Any CPU.ActiveCfg = Release|Any CPU
		{E98075B3-359C-4305-B6CC-4076754FB271}.Release|Any CPU.Build.0 = Release|Any CPU
		{91274CBC-C2DE-460B-8B10-388BE2D61389}.Debug|Any CPU.ActiveCfg = Debug|Any CPU
		{91274CBC-C2DE-460B-8B10-388BE2D61389}.Debug|Any CPU.Build.0 = Debug|Any CPU
		{91274CBC-C2DE-460B-8B10-388BE2D61389}.Release|Any CPU.ActiveCfg = Release|Any CPU
		{91274CBC-C2DE-460B-8B10-388BE2D61389}.Release|Any CPU.Build.0 = Release|Any CPU
		{80AEE442-655A-4ACB-A8EB-8CB60A9BC3D3}.Debug|Any CPU.ActiveCfg = Debug|Any CPU
		{80AEE442-655A-4ACB-A8EB-8CB60A9BC3D3}.Debug|Any CPU.Build.0 = Debug|Any CPU
		{80AEE442-655A-4ACB-A8EB-8CB60A9BC3D3}.Release|Any CPU.ActiveCfg = Release|Any CPU
		{80AEE442-655A-4ACB-A8EB-8CB60A9BC3D3}.Release|Any CPU.Build.0 = Release|Any CPU
		{9F292188-B788-4ADF-B2B6-7B6C32D1129A}.Debug|Any CPU.ActiveCfg = Debug|Any CPU
		{9F292188-B788-4ADF-B2B6-7B6C32D1129A}.Debug|Any CPU.Build.0 = Debug|Any CPU
		{9F292188-B788-4ADF-B2B6-7B6C32D1129A}.Release|Any CPU.ActiveCfg = Release|Any CPU
		{9F292188-B788-4ADF-B2B6-7B6C32D1129A}.Release|Any CPU.Build.0 = Release|Any CPU
		{5A0B7A04-6C2F-4414-B476-E9179ED36131}.Debug|Any CPU.ActiveCfg = Debug|Any CPU
		{5A0B7A04-6C2F-4414-B476-E9179ED36131}.Debug|Any CPU.Build.0 = Debug|Any CPU
		{5A0B7A04-6C2F-4414-B476-E9179ED36131}.Release|Any CPU.ActiveCfg = Release|Any CPU
		{5A0B7A04-6C2F-4414-B476-E9179ED36131}.Release|Any CPU.Build.0 = Release|Any CPU
		{CB570513-4FD7-46C7-A967-586DB3368221}.Debug|Any CPU.ActiveCfg = Debug|Any CPU
		{CB570513-4FD7-46C7-A967-586DB3368221}.Debug|Any CPU.Build.0 = Debug|Any CPU
		{CB570513-4FD7-46C7-A967-586DB3368221}.Release|Any CPU.ActiveCfg = Release|Any CPU
		{CB570513-4FD7-46C7-A967-586DB3368221}.Release|Any CPU.Build.0 = Release|Any CPU
		{A2F26D19-9215-422D-A26F-B7D2339194AE}.Debug|Any CPU.ActiveCfg = Debug|Any CPU
		{A2F26D19-9215-422D-A26F-B7D2339194AE}.Debug|Any CPU.Build.0 = Debug|Any CPU
		{A2F26D19-9215-422D-A26F-B7D2339194AE}.Release|Any CPU.ActiveCfg = Release|Any CPU
		{A2F26D19-9215-422D-A26F-B7D2339194AE}.Release|Any CPU.Build.0 = Release|Any CPU
		{79B01940-AC2D-40A6-BEAE-9B67DFB665D7}.Debug|Any CPU.ActiveCfg = Debug|Any CPU
		{79B01940-AC2D-40A6-BEAE-9B67DFB665D7}.Debug|Any CPU.Build.0 = Debug|Any CPU
		{79B01940-AC2D-40A6-BEAE-9B67DFB665D7}.Release|Any CPU.ActiveCfg = Release|Any CPU
		{79B01940-AC2D-40A6-BEAE-9B67DFB665D7}.Release|Any CPU.Build.0 = Release|Any CPU
		{805064D0-E573-4628-8473-3076682B7B45}.Debug|Any CPU.ActiveCfg = Debug|Any CPU
		{805064D0-E573-4628-8473-3076682B7B45}.Debug|Any CPU.Build.0 = Debug|Any CPU
		{805064D0-E573-4628-8473-3076682B7B45}.Release|Any CPU.ActiveCfg = Release|Any CPU
		{805064D0-E573-4628-8473-3076682B7B45}.Release|Any CPU.Build.0 = Release|Any CPU
	EndGlobalSection
	GlobalSection(SolutionProperties) = preSolution
		HideSolutionNode = FALSE
	EndGlobalSection
	GlobalSection(ExtensibilityGlobals) = postSolution
		SolutionGuid = {7F6366F6-22C0-4E6D-AC26-7F8F6159D597}
	EndGlobalSection
EndGlobal
